{
  "originHash" : "0271682170ee141d84c7641774393b732c711c460da8c02f51bca0ccdd460b32",
  "pins" : [
    {
      "identity" : "swift-asn1",
      "kind" : "remoteSourceControl",
      "location" : "https://github.com/apple/swift-asn1.git",
      "state" : {
        "revision" : "ae33e5941bb88d88538d0a6b19ca0b01e6c76dcf",
        "version" : "1.3.1"
      }
    },
    {
      "identity" : "swift-crypto",
      "kind" : "remoteSourceControl",
      "location" : "https://github.com/apple/swift-crypto.git",
      "state" : {
        "revision" : "45305d32cfb830faebcaa9a7aea66ad342637518",
        "version" : "3.11.1"
      }
    }
  ],
  "version" : 3
}
